
Microsoft Visual Studio Solution File, Format Version 12.00
# Visual Studio Version 16
VisualStudioVersion = 16.0.31129.286
MinimumVisualStudioVersion = 10.0.40219.1
Project("{FAE04EC0-301F-11D3-BF4B-00C04F79EFBC}") = "MyDictionary", "MyDictionary\MyDictionary.csproj", "{30BAD3D8-BE0B-4D71-A62D-D2E98F43416F}"
EndProject
Global
	GlobalSection(SolutionConfigurationPlatforms) = preSolution
		Debug|Any CPU = Debug|Any CPU
		Release|Any CPU = Release|Any CPU
	EndGlobalSection
	GlobalSection(ProjectConfigurationPlatforms) = postSolution
		{30BAD3D8-BE0B-4D71-A62D-D2E98F43416F}.Debug|Any CPU.ActiveCfg = Debug|Any CPU
		{30BAD3D8-BE0B-4D71-A62D-D2E98F43416F}.Debug|Any CPU.Build.0 = Debug|Any CPU
		{30BAD3D8-BE0B-4D71-A62D-D2E98F43416F}.Release|Any CPU.ActiveCfg = Release|Any CPU
		{30BAD3D8-BE0B-4D71-A62D-D2E98F43416F}.Release|Any CPU.Build.0 = Release|Any CPU
	EndGlobalSection
	GlobalSection(SolutionProperties) = preSolution
		HideSolutionNode = FALSE
	EndGlobalSection
	GlobalSection(ExtensibilityGlobals) = postSolution
		SolutionGuid = {B8C868DE-F8FF-46FC-9249-BA6EA4B29DB3}
	EndGlobalSection
EndGlobal
